// !$*UTF8*$!
{
	archiveVersion = 1;
	classes = {
	};
	objectVersion = 46;
	objects = {

/* Begin PBXBuildFile section */
		A59C92D11BF0AC20006035D9 /* AppDelegate.swift in Sources */ = {isa = PBXBuildFile; fileRef = A59C92D01BF0AC20006035D9 /* AppDelegate.swift */; };
		A59C92D31BF0AC20006035D9 /* ViewController.swift in Sources */ = {isa = PBXBuildFile; fileRef = A59C92D21BF0AC20006035D9 /* ViewController.swift */; };
		A59C92D61BF0AC20006035D9 /* Main.storyboard in Resources */ = {isa = PBXBuildFile; fileRef = A59C92D41BF0AC20006035D9 /* Main.storyboard */; };
		A59C92D81BF0AC20006035D9 /* Assets.xcassets in Resources */ = {isa = PBXBuildFile; fileRef = A59C92D71BF0AC20006035D9 /* Assets.xcassets */; };
		A59C92DB1BF0AC20006035D9 /* LaunchScreen.storyboard in Resources */ = {isa = PBXBuildFile; fileRef = A59C92D91BF0AC20006035D9 /* LaunchScreen.storyboard */; };
/* End PBXBuildFile section */

/* Begin PBXFileReference section */
		A59C92CD1BF0AC20006035D9 /* popoverDemo.app */ = {isa = PBXFileReference; explicitFileType = wrapper.application; includeInIndex = 0; path = popoverDemo.app; sourceTree = BUILT_PRODUCTS_DIR; };
		A59C92D01BF0AC20006035D9 /* AppDelegate.swift */ = {isa = PBXFileReference; lastKnownFileType = sourcecode.swift; path = AppDelegate.swift; sourceTree = "<group>"; };
		A59C92D21BF0AC20006035D9 /* ViewController.swift */ = {isa = PBXFileReference; lastKnownFileType = sourcecode.swift; path = ViewController.swift; sourceTree = "<group>"; };
		A59C92D51BF0AC20006035D9 /* Base */ = {isa = PBXFileReference; lastKnownFileType = file.storyboard; name = Base; path = Base.lproj/Main.storyboard; sourceTree = "<group>"; };
		A59C92D71BF0AC20006035D9 /* Assets.xcassets */ = {isa = PBXFileReference; lastKnownFileType = folder.assetcatalog; path = Assets.xcassets; sourceTree = "<group>"; };
		A59C92DA1BF0AC20006035D9 /* Base */ = {isa = PBXFileReference; lastKnownFileType = file.storyboard; name = Base; path = Base.lproj/LaunchScreen.storyboard; sourceTree = "<group>"; };
		A59C92DC1BF0AC20006035D9 /* Info.plist */ = {isa = PBXFileReference; lastKnownFileType = text.plist.xml; path = Info.plist; sourceTree = "<group>"; };
/* End PBXFileReference section */

/* Begin PBXFrameworksBuildPhase section */
		A59C92CA1BF0AC20006035D9 /* Frameworks */ = {
			isa = PBXFrameworksBuildPhase;
			buildActionMask = 2147483647;
			files = (
			);
			runOnlyForDeploymentPostprocessing = 0;
		};
/* End PBXFrameworksBuildPhase section */

/* Begin PBXGroup section */
		A59C92C41BF0AC20006035D9 = {
			isa = PBXGroup;
			children = (
				A59C92CF1BF0AC20006035D9 /* popoverDemo */,
				A59C92CE1BF0AC20006035D9 /* Products */,
			);
			sourceTree = "<group>";
		};
		A59C92CE1BF0AC20006035D9 /* Products */ = {
			isa = PBXGroup;
			children = (
				A59C92CD1BF0AC20006035D9 /* popoverDemo.app */,
			);
			name = Products;
			sourceTree = "<group>";
		};
		A59C92CF1BF0AC20006035D9 /* popoverDemo */ = {
			isa = PBXGroup;
			children = (
				A59C92D01BF0AC20006035D9 /* AppDelegate.swift */,
				A59C92D21BF0AC20006035D9 /* ViewController.swift */,
				A59C92D41BF0AC20006035D9 /* Main.storyboard */,
				A59C92D71BF0AC20006035D9 /* Assets.xcassets */,
				A59C92D91BF0AC20006035D9 /* LaunchScreen.storyboard */,
				A59C92DC1BF0AC20006035D9 /* Info.plist */,
			);
			path = popoverDemo;
			sourceTree = "<group>";
		};
/* End PBXGroup section */

/* Begin PBXNativeTarget section */
		A59C92CC1BF0AC20006035D9 /* popoverDemo */ = {
			isa = PBXNativeTarget;
			buildConfigurationList = A59C92DF1BF0AC20006035D9 /* Build configuration list for PBXNativeTarget "popoverDemo" */;
			buildPhases = (
				A59C92C91BF0AC20006035D9 /* Sources */,
				A59C92CA1BF0AC20006035D9 /* Frameworks */,
				A59C92CB1BF0AC20006035D9 /* Resources */,
			);
			buildRules = (
			);
			dependencies = (
			);
			name = popoverDemo;
			productName = popoverDemo;
			productReference = A59C92CD1BF0AC20006035D9 /* popoverDemo.app */;
			productType = "com.apple.product-type.application";
		};
/* End PBXNativeTarget section */

/* Begin PBXProject section */
		A59C92C51BF0AC20006035D9 /* Project object */ = {
			isa = PBXProject;
			attributes = {
				LastSwiftUpdateCheck = 0710;
				LastUpgradeCheck = 0710;
				ORGANIZATIONNAME = "六阿哥";
				TargetAttributes = {
					A59C92CC1BF0AC20006035D9 = {
						CreatedOnToolsVersion = 7.1;
						DevelopmentTeam = GABKPEQD3S;
					};
				};
			};
			buildConfigurationList = A59C92C81BF0AC20006035D9 /* Build configuration list for PBXProject "popoverDemo" */;
			compatibilityVersion = "Xcode 3.2";
			developmentRegion = English;
			hasScannedForEncodings = 0;
			knownRegions = (
				en,
				Base,
			);
			mainGroup = A59C92C41BF0AC20006035D9;
			productRefGroup = A59C92CE1BF0AC20006035D9 /* Products */;
			projectDirPath = "";
			projectRoot = "";
			targets = (
				A59C92CC1BF0AC20006035D9 /* popoverDemo */,
			);
		};
/* End PBXProject section */

/* Begin PBXResourcesBuildPhase section */
		A59C92CB1BF0AC20006035D9 /* Resources */ = {
			isa = PBXResourcesBuildPhase;
			buildActionMask = 2147483647;
			files = (
				A59C92DB1BF0AC20006035D9 /* LaunchScreen.storyboard in Resources */,
				A59C92D81BF0AC20006035D9 /* Assets.xcassets in Resources */,
				A59C92D61BF0AC20006035D9 /* Main.storyboard in Resources */,
			);
			runOnlyForDeploymentPostprocessing = 0;
		};
/* End PBXResourcesBuildPhase section */

/* Begin PBXSourcesBuildPhase section */
		A59C92C91BF0AC20006035D9 /* Sources */ = {
			isa = PBXSourcesBuildPhase;
			buildActionMask = 2147483647;
			files = (
				A59C92D31BF0AC20006035D9 /* ViewController.swift in Sources */,
				A59C92D11BF0AC20006035D9 /* AppDelegate.swift in Sources */,
			);
			runOnlyForDeploymentPostprocessing = 0;
		};
/* End PBXSourcesBuildPhase section */

/* Begin PBXVariantGroup section */
		A59C92D41BF0AC20006035D9 /* Main.storyboard */ = {
			isa = PBXVariantGroup;
			children = (
				A59C92D51BF0AC20006035D9 /* Base */,
			);
			name = Main.storyboard;
			sourceTree = "<group>";
		};
		A59C92D91BF0AC20006035D9 /* LaunchScreen.storyboard */ = {
			isa = PBXVariantGroup;
			children = (
				A59C92DA1BF0AC20006035D9 /* Base */,
			);
			name = LaunchScreen.storyboard;
			sourceTree = "<group>";
		};
/* End PBXVariantGroup section */

/* Begin XCBuildConfiguration section */
		A59C92DD1BF0AC20006035D9 /* Debug */ = {
			isa = XCBuildConfiguration;
			buildSettings = {
				ALWAYS_SEARCH_USER_PATHS = NO;
				CLANG_CXX_LANGUAGE_STANDARD = "gnu++0x";
				CLANG_CXX_LIBRARY = "libc++";
				CLANG_ENABLE_MODULES = YES;
				CLANG_ENABLE_OBJC_ARC = YES;
				CLANG_WARN_BOOL_CONVERSION = YES;
				CLANG_WARN_CONSTANT_CONVERSION = YES;
				CLANG_WARN_DIRECT_OBJC_ISA_USAGE = YES_ERROR;
				CLANG_WARN_EMPTY_BODY = YES;
				CLANG_WARN_ENUM_CONVERSION = YES;
				CLANG_WARN_INT_CONVERSION = YES;
				CLANG_WARN_OBJC_ROOT_CLASS = YES_ERROR;
				CLANG_WARN_UNREACHABLE_CODE = YES;
				CLANG_WARN__DUPLICATE_METHOD_MATCH = YES;
				"CODE_SIGN_IDENTITY[sdk=iphoneos*]" = "iPhone Developer";
				COPY_PHASE_STRIP = NO;
				DEBUG_INFORMATION_FORMAT = dwarf;
				ENABLE_STRICT_OBJC_MSGSEND = YES;
				ENABLE_TESTABILITY = YES;
				GCC_C_LANGUAGE_STANDARD = gnu99;
				GCC_DYNAMIC_NO_PIC = NO;
				GCC_NO_COMMON_BLOCKS = YES;
				GCC_OPTIMIZATION_LEVEL = 0;
				GCC_PREPROCESSOR_DEFINITIONS = (
					"DEBUG=1",
					"$(inherited)",
				);
				GCC_WARN_64_TO_32_BIT_CONVERSION = YES;
				GCC_WARN_ABOUT_RETURN_TYPE = YES_ERROR;
				GCC_WARN_UNDECLARED_SELECTOR = YES;
				GCC_WARN_UNINITIALIZED_AUTOS = YES_AGGRESSIVE;
				GCC_WARN_UNUSED_FUNCTION = YES;
				GCC_WARN_UNUSED_VARIABLE = YES;
				IPHONEOS_DEPLOYMENT_TARGET = 9.1;
				MTL_ENABLE_DEBUG_INFO = YES;
				ONLY_ACTIVE_ARCH = YES;
				SDKROOT = iphoneos;
				SWIFT_OPTIMIZATION_LEVEL = "-Onone";
			};
			name = Debug;
		};
		A59C92DE1BF0AC20006035D9 /* Release */ = {
			isa = XCBuildConfiguration;
			buildSettings = {
				ALWAYS_SEARCH_USER_PATHS = NO;
				CLANG_CXX_LANGUAGE_STANDARD = "gnu++0x";
				CLANG_CXX_LIBRARY = "libc++";
				CLANG_ENABLE_MODULES = YES;
				CLANG_ENABLE_OBJC_ARC = YES;
				CLANG_WARN_BOOL_CONVERSION = YES;
				CLANG_WARN_CONSTANT_CONVERSION = YES;
				CLANG_WARN_DIRECT_OBJC_ISA_USAGE = YES_ERROR;
				CLANG_WARN_EMPTY_BODY = YES;
				CLANG_WARN_ENUM_CONVERSION = YES;
				CLANG_WARN_INT_CONVERSION = YES;
				CLANG_WARN_OBJC_ROOT_CLASS = YES_ERROR;
				CLANG_WARN_UNREACHABLE_CODE = YES;
				CLANG_WARN__DUPLICATE_METHOD_MATCH = YES;
				"CODE_SIGN_IDENTITY[sdk=iphoneos*]" = "iPhone Developer";
				COPY_PHASE_STRIP = NO;
				DEBUG_INFORMATION_FORMAT = "dwarf-with-dsym";
				ENABLE_NS_ASSERTIONS = NO;
				ENABLE_STRICT_OBJC_MSGSEND = YES;
				GCC_C_LANGUAGE_STANDARD = gnu99;
				GCC_NO_COMMON_BLOCKS = YES;
				GCC_WARN_64_TO_32_BIT_CONVERSION = YES;
				GCC_WARN_ABOUT_RETURN_TYPE = YES_ERROR;
				GCC_WARN_UNDECLARED_SELECTOR = YES;
				GCC_WARN_UNINITIALIZED_AUTOS = YES_AGGRESSIVE;
				GCC_WARN_UNUSED_FUNCTION = YES;
				GCC_WARN_UNUSED_VARIABLE = YES;
				IPHONEOS_DEPLOYMENT_TARGET = 9.1;
				MTL_ENABLE_DEBUG_INFO = NO;
				SDKROOT = iphoneos;
				VALIDATE_PRODUCT = YES;
			};
			name = Release;
		};
		A59C92E01BF0AC20006035D9 /* Debug */ = {
			isa = XCBuildConfiguration;
			buildSettings = {
				ASSETCATALOG_COMPILER_APPICON_NAME = AppIcon;
				INFOPLIST_FILE = popoverDemo/Info.plist;
				LD_RUNPATH_SEARCH_PATHS = "$(inherited) @executable_path/Frameworks";
				PRODUCT_BUNDLE_IDENTIFIER = cn.6ag.popoverDemo;
				PRODUCT_NAME = "$(TARGET_NAME)";
			};
			name = Debug;
		};
		A59C92E11BF0AC20006035D9 /* Release */ = {
			isa = XCBuildConfiguration;
			buildSettings = {
				ASSETCATALOG_COMPILER_APPICON_NAME = AppIcon;
				INFOPLIST_FILE = popoverDemo/Info.plist;
				LD_RUNPATH_SEARCH_PATHS = "$(inherited) @executable_path/Frameworks";
				PRODUCT_BUNDLE_IDENTIFIER = cn.6ag.popoverDemo;
				PRODUCT_NAME = "$(TARGET_NAME)";
			};
			name = Release;
		};
/* End XCBuildConfiguration section */

/* Begin XCConfigurationList section */
		A59C92C81BF0AC20006035D9 /* Build configuration list for PBXProject "popoverDemo" */ = {
			isa = XCConfigurationList;
			buildConfigurations = (
				A59C92DD1BF0AC20006035D9 /* Debug */,
				A59C92DE1BF0AC20006035D9 /* Release */,
			);
			defaultConfigurationIsVisible = 0;
			defaultConfigurationName = Release;
		};
		A59C92DF1BF0AC20006035D9 /* Build configuration list for PBXNativeTarget "popoverDemo" */ = {
			isa = XCConfigurationList;
			buildConfigurations = (
				A59C92E01BF0AC20006035D9 /* Debug */,
				A59C92E11BF0AC20006035D9 /* Release */,
			);
			defaultConfigurationIsVisible = 0;
		};
/* End XCConfigurationList section */
	};
	rootObject = A59C92C51BF0AC20006035D9 /* Project object */;
}
